{
  "name": "trpg-session-room",
  "version": "1.0.0",
  "lockfileVersion": 3,
  "requires": true,
  "packages": {
    "": {
      "name": "trpg-session-room",
      "version": "1.0.0",
      "dependencies": {
        "@aws-sdk/client-s3": "^3.879.0",
        "@aws-sdk/s3-request-presigner": "^3.879.0",
        "socket.io": "^4.8.3"
      }
    },
    "node_modules/@aws-sdk/checksums": {
      "version": "3.1001.1",
      "resolved": "https://registry.npmjs.org/@aws-sdk/checksums/-/checksums-3.1001.1.tgz",
      "integrity": "sha512-x12Q17KYlJAd3nKf8LV5LV0vt8sh8/6YfQLGPtrGnQf/tW4jqxPGq5GPpuVitpQYM3eUR4XB7CbxZf751NMbLw==",
      "license": "Apache-2.0",
      "dependencies": {
        "@aws-sdk/core": "^3.978.1",
        "@aws-sdk/types": "^3.974.6",
        "@smithy/core": "^3.35.0",
        "@smithy/types": "^4.19.0",
        "tslib": "^2.6.2"
      },
      "engines": {
        "node": ">=20.0.0"
      }
    },
    "node_modules/@aws-sdk/client-s3": {
      "version": "3.1140.0",
      "resolved": "https://registry.npmjs.org/@aws-sdk/client-s3/-/client-s3-3.1140.0.tgz",
      "integrity": "sha512-7cf3xOyX6L5fyWZgPkVIrbsf/7cmKccKdRa3mkF467qchzgIiqAl/meG/SYdMdoY8JZYWGh0RobzoXiyKuGneA==",
      "license": "Apache-2.0",
      "dependencies": {
        "@aws-sdk/checksums": "^3.1001.1",
        "@aws-sdk/core": "^3.978.1",
        "@aws-sdk/credential-provider-node": "^3.972.84",
        "@aws-sdk/middleware-sdk-s3": "^3.972.77",
        "@aws-sdk/signature-v4-multi-region": "^3.996.47",
        "@aws-sdk/types": "^3.974.6",
        "@smithy/core": "^3.35.0",
        "@smithy/fetch-http-handler": "^5.8.0",
        "@smithy/node-http-handler": "^4.12.1",
        "@smithy/types": "^4.19.0",
        "tslib": "^2.6.2"
      },
      "engines": {
        "node": ">=20.0.0"
      }
    },
    "node_modules/@aws-sdk/core": {
      "version": "3.978.1",
      "resolved": "https://registry.npmjs.org/@aws-sdk/core/-/core-3.978.1.tgz",
      "integrity": "sha512-LbY9aGsEiznDWmUc30Nwv3aIX/+dbwTx8KfS0yOC3NPYMO+O91e6jkT1azf34FwjOndq8/Q+RcVVZz5xnerwdg==",
      "license": "Apache-2.0",
      "dependencies": {
        "@aws-sdk/types": "^3.974.6",
        "@aws-sdk/xml-builder": "^3.972.41",
        "@aws/lambda-invoke-store": "^0.3.0",
        "@smithy/core": "^3.35.0",
        "@smithy/signature-v4": "^5.7.3",
        "@smithy/types": "^4.19.0",
        "bowser": "^2.11.0",
        "tslib": "^2.6.2"
      },
      "engines": {
        "node": ">=20.0.0"
      }
    },
    "node_modules/@aws-sdk/credential-provider-env": {
      "version": "3.972.72",
      "resolved": "https://registry.npmjs.org/@aws-sdk/credential-provider-env/-/credential-provider-env-3.972.72.tgz",
      "integrity": "sha512-xTKO/FWJPozTIXbozVnVGoNBhaGba8TBcx+KyUjRVeOlXE+dUc7GTR1cLvu0uTdIdmemzaFbqqCshXeZA1fZew==",
      "license": "Apache-2.0",
      "dependencies": {
        "@aws-sdk/core": "^3.978.1",
        "@aws-sdk/types": "^3.974.6",
        "@smithy/core": "^3.35.0",
        "@smithy/types": "^4.19.0",
        "tslib": "^2.6.2"
      },
      "engines": {
        "node": ">=20.0.0"
      }
    },
    "node_modules/@aws-sdk/credential-provider-http": {
      "version": "3.972.74",
      "resolved": "https://registry.npmjs.org/@aws-sdk/credential-provider-http/-/credential-provider-http-3.972.74.tgz",
      "integrity": "sha512-u91E/hT8f4d1xy0Jl7VG4nVKJ3lxbrZkoBTeSVoJdWBiSEUMwMS/9+e0H/aJVQV//Lt5wuzP+E69v4aRSsNTmw==",
      "license": "Apache-2.0",
      "dependencies": {
        "@aws-sdk/core": "^3.978.1",
        "@aws-sdk/types": "^3.974.6",
        "@smithy/core": "^3.35.0",
        "@smithy/fetch-http-handler": "^5.8.0",
        "@smithy/node-http-handler": "^4.12.1",
        "@smithy/types": "^4.19.0",
        "tslib": "^2.6.2"
      },
      "engines": {
        "node": ">=20.0.0"
      }
    },
    "node_modules/@aws-sdk/credential-provider-ini": {
      "version": "3.973.17",
      "resolved": "https://registry.npmjs.org/@aws-sdk/credential-provider-ini/-/credential-provider-ini-3.973.17.tgz",
      "integrity": "sha512-ged4KXdBkvIC81bLvNHHuQKdKak/VXhQTR1NWYTTqW0474nlmsxy9O/vlgTIohDDWH3xpBdtVMZRyjb+DnocDA==",
      "license": "Apache-2.0",
      "dependencies": {
        "@aws-sdk/core": "^3.978.1",
        "@aws-sdk/credential-provider-env": "^3.972.72",
        "@aws-sdk/credential-provider-http": "^3.972.74",
        "@aws-sdk/credential-provider-login": "^3.972.79",
        "@aws-sdk/credential-provider-process": "^3.972.72",
        "@aws-sdk/credential-provider-sso": "^3.973.16",
        "@aws-sdk/credential-provider-web-identity": "^3.972.78",
        "@aws-sdk/nested-clients": "^3.997.46",
        "@aws-sdk/types": "^3.974.6",
        "@smithy/core": "^3.35.0",
        "@smithy/credential-provider-imds": "^4.5.2",
        "@smithy/types": "^4.19.0",
        "tslib": "^2.6.2"
      },
      "engines": {
        "node": ">=20.0.0"
      }
    },
    "node_modules/@aws-sdk/credential-provider-login": {
      "version": "3.972.79",
      "resolved": "https://registry.npmjs.org/@aws-sdk/credential-provider-login/-/credential-provider-login-3.972.79.tgz",
      "integrity": "sha512-L+Z85anONJd8MaiuraO4wRxATCdEejBZ3K3eymzWI5JPXa9sOS9CkIm72PBKqXKX+Z9p9NGMX5AIMXm0LEflgw==",
      "license": "Apache-2.0",
      "dependencies": {
        "@aws-sdk/core": "^3.978.1",
        "@aws-sdk/nested-clients": "^3.997.46",
        "@aws-sdk/types": "^3.974.6",
        "@smithy/core": "^3.35.0",
        "@smithy/types": "^4.19.0",
        "tslib": "^2.6.2"
      },
      "engines": {
        "node": ">=20.0.0"
      }
    },
    "node_modules/@aws-sdk/credential-provider-node": {
      "version": "3.972.84",
      "resolved": "https://registry.npmjs.org/@aws-sdk/credential-provider-node/-/credential-provider-node-3.972.84.tgz",
      "integrity": "sha512-oHt854odINVwzwsh+c5x69j0ajm4DbqqqVJ+O1ECsCIZeMDAbzFpXItaqP7UZstJj/ATdTk/KFSH0LaNAgV+kA==",
      "license": "Apache-2.0",
      "dependencies": {
        "@aws-sdk/credential-provider-env": "^3.972.72",
        "@aws-sdk/credential-provider-http": "^3.972.74",
        "@aws-sdk/credential-provider-ini": "^3.973.17",
        "@aws-sdk/credential-provider-process": "^3.972.72",
        "@aws-sdk/credential-provider-sso": "^3.973.16",
        "@aws-sdk/credential-provider-web-identity": "^3.972.78",
        "@aws-sdk/types": "^3.974.6",
        "@smithy/core": "^3.35.0",
        "@smithy/credential-provider-imds": "^4.5.2",
        "@smithy/types": "^4.19.0",
        "tslib": "^2.6.2"
      },
      "engines": {
        "node": ">=20.0.0"
      }
    },
    "node_modules/@aws-sdk/credential-provider-process": {
      "version": "3.972.72",
      "resolved": "https://registry.npmjs.org/@aws-sdk/credential-provider-process/-/credential-provider-process-3.972.72.tgz",
      "integrity": "sha512-rLIp2xbMjX/k9/od7APpqq1ZgXXnV0pOL1Th3ZsL8Wu0TRtBsDTVS8iPqcfRFcHakFxPvR04OSTv2ka2qOb/2A==",
      "license": "Apache-2.0",
      "dependencies": {
        "@aws-sdk/core": "^3.978.1",
        "@aws-sdk/types": "^3.974.6",
        "@smithy/core": "^3.35.0",
        "@smithy/types": "^4.19.0",
        "tslib": "^2.6.2"
      },
      "engines": {
        "node": ">=20.0.0"
      }
    },
    "node_modules/@aws-sdk/credential-provider-sso": {
      "version": "3.973.16",
      "resolved": "https://registry.npmjs.org/@aws-sdk/credential-provider-sso/-/credential-provider-sso-3.973.16.tgz",
      "integrity": "sha512-IGihaJfFZYacJJr/odqILCoK7W/mvrZ7cuK7ECn3sAu4vLC6u0V8bS7mCGbdugJ8Aum2tnvqmx0F2MRFp2rn9g==",
      "license": "Apache-2.0",
      "dependencies": {
        "@aws-sdk/core": "^3.978.1",
        "@aws-sdk/nested-clients": "^3.997.46",
        "@aws-sdk/token-providers": "3.1138.0",
        "@aws-sdk/types": "^3.974.6",
        "@smithy/core": "^3.35.0",
        "@smithy/types": "^4.19.0",
        "tslib": "^2.6.2"
      },
      "engines": {
        "node": ">=20.0.0"
      }
    },
    "node_modules/@aws-sdk/credential-provider-web-identity": {
      "version": "3.972.78",
      "resolved": "https://registry.npmjs.org/@aws-sdk/credential-provider-web-identity/-/credential-provider-web-identity-3.972.78.tgz",
      "integrity": "sha512-/y9WvNtlcPBGLR0qc1a+9J/xtYZfVczvLUOuXaVWylzttH7ewsxwHtjmiJSolNrVSDorIxHGHMU61CbonRkmwA==",
      "license": "Apache-2.0",
      "dependencies": {
        "@aws-sdk/core": "^3.978.1",
        "@aws-sdk/nested-clients": "^3.997.46",
        "@aws-sdk/types": "^3.974.6",
        "@smithy/core": "^3.35.0",
        "@smithy/types": "^4.19.0",
        "tslib": "^2.6.2"
      },
      "engines": {
        "node": ">=20.0.0"
      }
    },
    "node_modules/@aws-sdk/middleware-sdk-s3": {
      "version": "3.972.77",
      "resolved": "https://registry.npmjs.org/@aws-sdk/middleware-sdk-s3/-/middleware-sdk-s3-3.972.77.tgz",
      "integrity": "sha512-E7W2UOeUoc+lg3uIfR/dM7ZwusHwhBQrKMnlkRv4EXRR+C0YtV1pg25xC7GdZIhXH+NAMgZPCbE7o5to2cjFiw==",
      "license": "Apache-2.0",
      "dependencies": {
        "@aws-sdk/core": "^3.978.1",
        "@aws-sdk/signature-v4-multi-region": "^3.996.47",
        "@aws-sdk/types": "^3.974.6",
        "@smithy/core": "^3.35.0",
        "@smithy/types": "^4.19.0",
        "tslib": "^2.6.2"
      },
      "engines": {
        "node": ">=20.0.0"
      }
    },
    "node_modules/@aws-sdk/nested-clients": {
      "version": "3.997.46",
      "resolved": "https://registry.npmjs.org/@aws-sdk/nested-clients/-/nested-clients-3.997.46.tgz",
      "integrity": "sha512-oRxtBcka/JGHGs9l9p9IVajGoTP8vTPmoAzdHGy4Qcy9P5vPnDf6nhIeM/COQNY9k/OahImTRaLkHftoXvfcmQ==",
      "license": "Apache-2.0",
      "dependencies": {
        "@aws-sdk/core": "^3.978.1",
        "@aws-sdk/signature-v4-multi-region": "^3.996.47",
        "@aws-sdk/types": "^3.974.6",
        "@smithy/core": "^3.35.0",
        "@smithy/fetch-http-handler": "^5.8.0",
        "@smithy/node-http-handler": "^4.12.1",
        "@smithy/types": "^4.19.0",
        "tslib": "^2.6.2"
      },
      "engines": {
        "node": ">=20.0.0"
      }
    },
    "node_modules/@aws-sdk/s3-request-presigner": {
      "version": "3.1140.0",
      "resolved": "https://registry.npmjs.org/@aws-sdk/s3-request-presigner/-/s3-request-presigner-3.1140.0.tgz",
      "integrity": "sha512-pFYWYvW4vF6zCy/GtnjwqGq28JBU1b0ECDTELQukymfyj9fD5FEwMd54O3UX6oE9TC4y2ebhsMPUQ8GEiPhT9g==",
      "license": "Apache-2.0",
      "dependencies": {
        "@aws-sdk/core": "^3.978.1",
        "@aws-sdk/signature-v4-multi-region": "^3.996.47",
        "@aws-sdk/types": "^3.974.6",
        "@smithy/core": "^3.35.0",
        "@smithy/types": "^4.19.0",
        "tslib": "^2.6.2"
      },
      "engines": {
        "node": ">=20.0.0"
      }
    },
    "node_modules/@aws-sdk/signature-v4-multi-region": {
      "version": "3.996.47",
      "resolved": "https://registry.npmjs.org/@aws-sdk/signature-v4-multi-region/-/signature-v4-multi-region-3.996.47.tgz",
      "integrity": "sha512-Zk08macMvQTHzQJCLJVkOlviVoqwYMrpXv4lmLN7b7sAbiMoOK7Go0NYdR5UeF+MW8LIbRmwrNy9u/5VvX1U5g==",
      "license": "Apache-2.0",
      "dependencies": {
        "@aws-sdk/types": "^3.974.6",
        "@smithy/signature-v4": "^5.7.3",
        "@smithy/types": "^4.19.0",
        "tslib": "^2.6.2"
      },
      "engines": {
        "node": ">=20.0.0"
      }
    },
    "node_modules/@aws-sdk/token-providers": {
      "version": "3.1138.0",
      "resolved": "https://registry.npmjs.org/@aws-sdk/token-providers/-/token-providers-3.1138.0.tgz",
      "integrity": "sha512-GpyAr0DD63YOEmYFM6Df+gJuIgC92MMTiBK4FTKfxii5MJ9ge20epR7LyroulscYlG89J+ZB2ivFDPjvfQhzdw==",
      "license": "Apache-2.0",
      "dependencies": {
        "@aws-sdk/core": "^3.978.1",
        "@aws-sdk/nested-clients": "^3.997.46",
        "@aws-sdk/types": "^3.974.6",
        "@smithy/core": "^3.35.0",
        "@smithy/types": "^4.19.0",
        "tslib": "^2.6.2"
      },
      "engines": {
        "node": ">=20.0.0"
      }
    },
    "node_modules/@aws-sdk/types": {
      "version": "3.974.6",
      "resolved": "https://registry.npmjs.org/@aws-sdk/types/-/types-3.974.6.tgz",
      "integrity": "sha512-v/clNZzZnDxGyvpHMOGpJKVXFAExJzUNAAjaWGdcx8QAcXLGwTaOkw33p5SHAi0YAioK32xB3hWwOekRVfmfKg==",
      "license": "Apache-2.0",
      "dependencies": {
        "@smithy/types": "^4.19.0",
        "tslib": "^2.6.2"
      },
      "engines": {
        "node": ">=20.0.0"
      }
    },
    "node_modules/@aws-sdk/xml-builder": {
      "version": "3.972.41",
      "resolved": "https://registry.npmjs.org/@aws-sdk/xml-builder/-/xml-builder-3.972.41.tgz",
      "integrity": "sha512-ctjVSyCMegrWfXlx6VqzSBFI6UqmQ5ZlnfMhdLIiWmhoH8UAQxSCP5N3OpG7X3k4LnS7ou74C4mt20+bfTW2aQ==",
      "license": "Apache-2.0",
      "dependencies": {
        "@smithy/types": "^4.19.0",
        "tslib": "^2.6.2"
      },
      "engines": {
        "node": ">=20.0.0"
      }
    },
    "node_modules/@aws/lambda-invoke-store": {
      "version": "0.3.0",
      "resolved": "https://registry.npmjs.org/@aws/lambda-invoke-store/-/lambda-invoke-store-0.3.0.tgz",
      "integrity": "sha512-sl4Bm6yiMNYrZKkqqDFWN0UfnWhlS8ivKxrYl+6t0gCLrqr8y3B2IqZZbFRkfaVVp7C/baApyh71P+LeE1A2sQ==",
      "license": "Apache-2.0",
      "engines": {
        "node": ">=18.0.0"
      }
    },
    "node_modules/@smithy/core": {
      "version": "3.35.0",
      "resolved": "https://registry.npmjs.org/@smithy/core/-/core-3.35.0.tgz",
      "integrity": "sha512-zRMhfkByhT2snNdr1si24vJitU6Cr9ix2MikUfWmkAgp4jrNP0GcKSP5YvwQ+TlI8AZXER5QOGJn3JsVtSD9/A==",
      "license": "Apache-2.0",
      "dependencies": {
        "@smithy/types": "^4.19.0",
        "tslib": "^2.6.2"
      },
      "engines": {
        "node": ">=18.0.0"
      }
    },
    "node_modules/@smithy/credential-provider-imds": {
      "version": "4.5.2",
      "resolved": "https://registry.npmjs.org/@smithy/credential-provider-imds/-/credential-provider-imds-4.5.2.tgz",
      "integrity": "sha512-A9uSdn72ozbRUSit0eib0TW7nXuNPlaeM0zcGkJ+nE6tFcSDbnmtwoxbTCFBukVQcszDAyvsd7+rTduPTXpygg==",
      "license": "Apache-2.0",
      "dependencies": {
        "@smithy/core": "^3.33.2",
        "@smithy/types": "^4.17.2",
        "tslib": "^2.6.2"
      },
      "engines": {
        "node": ">=18.0.0"
      }
    },
    "node_modules/@smithy/fetch-http-handler": {
      "version": "5.8.0",
      "resolved": "https://registry.npmjs.org/@smithy/fetch-http-handler/-/fetch-http-handler-5.8.0.tgz",
      "integrity": "sha512-ycSJu3tFAQ4v04CBB0agqFMVsSQ1iG3yw+SpgxRqKfaURpQD4CZ8Wn0zPMmSnOuTpTh65Vz+EA0rMrw089wvkA==",
      "license": "Apache-2.0",
      "dependencies": {
        "@smithy/core": "^3.33.3",
        "@smithy/types": "^4.18.0",
        "tslib": "^2.6.2"
      },
      "engines": {
        "node": ">=18.0.0"
      }
    },
    "node_modules/@smithy/node-http-handler": {
      "version": "4.12.1",
      "resolved": "https://registry.npmjs.org/@smithy/node-http-handler/-/node-http-handler-4.12.1.tgz",
      "integrity": "sha512-ThMkboGeONWXAelq9FvGsuJC4rOi+qyC4/zhUF58xYpxUg5sQKx2VXZYJmtNjr4dSuBJ1HeJXETQILCz3wOHvw==",
      "license": "Apache-2.0",
      "dependencies": {
        "@smithy/core": "^3.33.3",
        "@smithy/types": "^4.18.0",
        "tslib": "^2.6.2"
      },
      "engines": {
        "node": ">=18.0.0"
      }
    },
    "node_modules/@smithy/signature-v4": {
      "version": "5.7.3",
      "resolved": "https://registry.npmjs.org/@smithy/signature-v4/-/signature-v4-5.7.3.tgz",
      "integrity": "sha512-7ImGm+FkHRLcBaRttIAMZ6bzJZWb2cJGoYjq46F2UjycujWzrL9GEN9h4w7eQyXJYnltrUhxbbieBAIRrdqpow==",
      "license": "Apache-2.0",
      "dependencies": {
        "@smithy/core": "^3.33.3",
        "@smithy/types": "^4.17.2",
        "tslib": "^2.6.2"
      },
      "engines": {
        "node": ">=18.0.0"
      }
    },
    "node_modules/@smithy/types": {
      "version": "4.19.0",
      "resolved": "https://registry.npmjs.org/@smithy/types/-/types-4.19.0.tgz",
      "integrity": "sha512-r7jh49VJxGerfAcTQA6gXcKc+98zOp/tqRwzYjgOE+iSQsP6cEU1hq2QzbuipmP68QtYdY9wKEhiCQZIzHgZ4Q==",
      "license": "Apache-2.0",
      "dependencies": {
        "tslib": "^2.6.2"
      },
      "engines": {
        "node": ">=18.0.0"
      }
    },
    "node_modules/@socket.io/component-emitter": {
      "version": "3.1.2",
      "resolved": "https://registry.npmjs.org/@socket.io/component-emitter/-/component-emitter-3.1.2.tgz",
      "integrity": "sha512-9BCxFwvbGg/RsZK9tjXd8s4UcwR0MWeFQ1XEKIQVVvAGJyINdrqKMcTRyLoK8Rse1GjzLV9cwjWV1olXRWEXVA==",
      "license": "MIT"
    },
    "node_modules/@types/cors": {
      "version": "2.8.19",
      "resolved": "https://registry.npmjs.org/@types/cors/-/cors-2.8.19.tgz",
      "integrity": "sha512-mFNylyeyqN93lfe/9CSxOGREz8cpzAhH+E93xJ4xWQf62V8sQ/24reV2nyzUWM6H6Xji+GGHpkbLe7pVoUEskg==",
      "license": "MIT",
      "dependencies": {
        "@types/node": "*"
      }
    },
    "node_modules/@types/node": {
      "version": "26.6.2",
      "resolved": "https://registry.npmjs.org/@types/node/-/node-26.6.2.tgz",
      "integrity": "sha512-X1P21scMv4zGKLYqjdGjaKa7COa0RKVYYZZN/NfvLQ1JegxFhdhpZG/Lyn8AXx6CDUavKAd11v6BvfpkDByK8g==",
      "license": "MIT",
      "dependencies": {
        "undici-types": "~8.9.0"
      }
    },
    "node_modules/@types/ws": {
      "version": "8.18.1",
      "resolved": "https://registry.npmjs.org/@types/ws/-/ws-8.18.1.tgz",
      "integrity": "sha512-ThVF6DCVhA8kUGy+aazFQ4kXQ7E1Ty7A3ypFOe0IcJV8O/M511G99AW24irKrW56Wt44yG9+ij8FaqoBGkuBXg==",
      "license": "MIT",
      "dependencies": {
        "@types/node": "*"
      }
    },
    "node_modules/accepts": {
      "version": "1.3.8",
      "resolved": "https://registry.npmjs.org/accepts/-/accepts-1.3.8.tgz",
      "integrity": "sha512-PYAthTa2m2VKxuvSD3DPC/Gy+U+sOA1LAuT8mkmRuvw+NACSaeXEQ+NHcVF7rONl6qcaxV3Uuemwawk+7+SJLw==",
      "license": "MIT",
      "dependencies": {
        "mime-types": "~2.1.34",
        "negotiator": "0.6.3"
      },
      "engines": {
        "node": ">= 0.6"
      }
    },
    "node_modules/base64id": {
      "version": "2.0.0",
      "resolved": "https://registry.npmjs.org/base64id/-/base64id-2.0.0.tgz",
      "integrity": "sha512-lGe34o6EHj9y3Kts9R4ZYs/Gr+6N7MCaMlIFA3F1R2O5/m7K06AxfSeO5530PEERE6/WyEg3lsuyw4GHlPZHog==",
      "license": "MIT",
      "engines": {
        "node": "^4.5.0 || >= 5.9"
      }
    },
    "node_modules/bowser": {
      "version": "2.14.1",
      "resolved": "https://registry.npmjs.org/bowser/-/bowser-2.14.1.tgz",
      "integrity": "sha512-tzPjzCxygAKWFOJP011oxFHs57HzIhOEracIgAePE4pqB3LikALKnSzUyU4MGs9/iCEUuHlAJTjTc5M+u7YEGg==",
      "license": "MIT"
    },
    "node_modules/cookie": {
      "version": "0.7.2",
      "resolved": "https://registry.npmjs.org/cookie/-/cookie-0.7.2.tgz",
      "integrity": "sha512-yki5XnKuf750l50uGTllt6kKILY4nQ1eNIQatoXEByZ5dWgnKqbnqmTrBE5B4N7lrMJKQ2ytWMiTO2o0v6Ew/w==",
      "license": "MIT",
      "engines": {
        "node": ">= 0.6"
      }
    },
    "node_modules/cors": {
      "version": "2.8.6",
      "resolved": "https://registry.npmjs.org/cors/-/cors-2.8.6.tgz",
      "integrity": "sha512-tJtZBBHA6vjIAaF6EnIaq6laBBP9aq/Y3ouVJjEfoHbRBcHBAHYcMh/w8LDrk2PvIMMq8gmopa5D4V8RmbrxGw==",
      "license": "MIT",
      "dependencies": {
        "object-assign": "^4",
        "vary": "^1"
      },
      "engines": {
        "node": ">= 0.10"
      },
      "funding": {
        "type": "opencollective",
        "url": "https://opencollective.com/express"
      }
    },
    "node_modules/debug": {
      "version": "4.4.3",
      "resolved": "https://registry.npmjs.org/debug/-/debug-4.4.3.tgz",
      "integrity": "sha512-RGwwWnwQvkVfavKVt22FGLw+xYSdzARwm0ru6DhTVA3umU5hZc28V3kO4stgYryrTlLpuvgI9GiijltAjNbcqA==",
      "license": "MIT",
      "dependencies": {
        "ms": "^2.1.3"
      },
      "engines": {
        "node": ">=6.0"
      },
      "peerDependenciesMeta": {
        "supports-color": {
          "optional": true
        }
      }
    },
    "node_modules/engine.io": {
      "version": "6.6.11",
      "resolved": "https://registry.npmjs.org/engine.io/-/engine.io-6.6.11.tgz",
      "integrity": "sha512-z34mGpLoY/82ZbkX1LqGMIaf3wjVMPL6gVC681QDqnmzJ26synI8qAE32P+a7UazmpJZ8UGrFIeAavgRfXzYrg==",
      "license": "MIT",
      "dependencies": {
        "@types/cors": "^2.8.12",
        "@types/node": ">=10.0.0",
        "@types/ws": "^8.5.12",
        "accepts": "~1.3.4",
        "cookie": "~0.7.2",
        "cors": "~2.8.5",
        "debug": "~4.4.1",
        "engine.io-parser": "~5.2.1",
        "ws": "~8.21.0"
      },
      "engines": {
        "node": ">=10.2.0"
      }
    },
    "node_modules/engine.io-parser": {
      "version": "5.2.3",
      "resolved": "https://registry.npmjs.org/engine.io-parser/-/engine.io-parser-5.2.3.tgz",
      "integrity": "sha512-HqD3yTBfnBxIrbnM1DoD6Pcq8NECnh8d4As1Qgh0z5Gg3jRRIqijury0CL3ghu/edArpUYiYqQiDUQBIs4np3Q==",
      "license": "MIT",
      "engines": {
        "node": ">=10.0.0"
      }
    },
    "node_modules/mime-db": {
      "version": "1.52.0",
      "resolved": "https://registry.npmjs.org/mime-db/-/mime-db-1.52.0.tgz",
      "integrity": "sha512-sPU4uV7dYlvtWJxwwxHD0PuihVNiE7TyAbQ5SWxDCB9mUYvOgroQOwYQQOKPJ8CIbE+1ETVlOoK1UC2nU3gYvg==",
      "license": "MIT",
      "engines": {
        "node": ">= 0.6"
      }
    },
    "node_modules/mime-types": {
      "version": "2.1.35",
      "resolved": "https://registry.npmjs.org/mime-types/-/mime-types-2.1.35.tgz",
      "integrity": "sha512-ZDY+bPm5zTTF+YpCrAU9nK0UgICYPT0QtT1NZWFv4s++TNkcgVaT0g6+4R2uI4MjQjzysHB1zxuWL50hzaeXiw==",
      "license": "MIT",
      "dependencies": {
        "mime-db": "1.52.0"
      },
      "engines": {
        "node": ">= 0.6"
      }
    },
    "node_modules/ms": {
      "version": "2.1.3",
      "resolved": "https://registry.npmjs.org/ms/-/ms-2.1.3.tgz",
      "integrity": "sha512-6FlzubTLZG3J2a/NVCAleEhjzq5oxgHyaCU9yYXvcLsvoVaHJq/s5xXI6/XXP6tz7R9xAOtHnSO/tXtF3WRTlA==",
      "license": "MIT"
    },
    "node_modules/negotiator": {
      "version": "0.6.3",
      "resolved": "https://registry.npmjs.org/negotiator/-/negotiator-0.6.3.tgz",
      "integrity": "sha512-+EUsqGPLsM+j/zdChZjsnX51g4XrHFOIXwfnCVPGlQk/k5giakcKsuxCObBRu6DSm9opw/O6slWbJdghQM4bBg==",
      "license": "MIT",
      "engines": {
        "node": ">= 0.6"
      }
    },
    "node_modules/object-assign": {
      "version": "4.1.1",
      "resolved": "https://registry.npmjs.org/object-assign/-/object-assign-4.1.1.tgz",
      "integrity": "sha512-rJgTQnkUnH1sFw8yT6VSU3zD3sWmu6sZhIseY8VX+GRu3P6F7Fu+JNDoXfklElbLJSnc3FUQHVe4cU5hj+BcUg==",
      "license": "MIT",
      "engines": {
        "node": ">=0.10.0"
      }
    },
    "node_modules/socket.io": {
      "version": "4.8.3",
      "resolved": "https://registry.npmjs.org/socket.io/-/socket.io-4.8.3.tgz",
      "integrity": "sha512-2Dd78bqzzjE6KPkD5fHZmDAKRNe3J15q+YHDrIsy9WEkqttc7GY+kT9OBLSMaPbQaEd0x1BjcmtMtXkfpc+T5A==",
      "license": "MIT",
      "dependencies": {
        "accepts": "~1.3.4",
        "base64id": "~2.0.0",
        "cors": "~2.8.5",
        "debug": "~4.4.1",
        "engine.io": "~6.6.0",
        "socket.io-adapter": "~2.5.2",
        "socket.io-parser": "~4.2.4"
      },
      "engines": {
        "node": ">=10.2.0"
      }
    },
    "node_modules/socket.io-adapter": {
      "version": "2.5.8",
      "resolved": "https://registry.npmjs.org/socket.io-adapter/-/socket.io-adapter-2.5.8.tgz",
      "integrity": "sha512-6Oy52pbg+kvdCVvjcN+FnY7BvxZ7cIHNScbvztT/It5d0vbwoJoVZmF2gjJmnV0/4WlXRfG15zc45ySk9Ah8bw==",
      "license": "MIT",
      "dependencies": {
        "debug": "~4.4.1",
        "ws": "~8.21.0"
      }
    },
    "node_modules/socket.io-parser": {
      "version": "4.2.7",
      "resolved": "https://registry.npmjs.org/socket.io-parser/-/socket.io-parser-4.2.7.tgz",
      "integrity": "sha512-IH/iSeO9T6gz1KkFleGDWkG9N3dl4jXVYUtMhIqH10Md0ttMer8nUNWiP1DKuNrybD2xBrixLJdCC9J6ECoYkg==",
      "license": "MIT",
      "dependencies": {
        "@socket.io/component-emitter": "~3.1.0",
        "debug": "~4.4.1"
      },
      "engines": {
        "node": ">=10.0.0"
      }
    },
    "node_modules/tslib": {
      "version": "2.8.1",
      "resolved": "https://registry.npmjs.org/tslib/-/tslib-2.8.1.tgz",
      "integrity": "sha512-oJFu94HQb+KVduSUQL7wnpmqnfmLsOA/nAh6b6EH0wCEoK0/mPeXU6c3wKDV83MkOuHPRHtSXKKU99IBazS/2w==",
      "license": "0BSD"
    },
    "node_modules/undici-types": {
      "version": "8.9.0",
      "resolved": "https://registry.npmjs.org/undici-types/-/undici-types-8.9.0.tgz",
      "integrity": "sha512-KTDyRTYX8sWmKXAikPHHSyc63CRPETMctyjKFupcC6OBLXT3xsN0e9aF7m+mIXutFWpUXuedtowG7iLOzp0kQg==",
      "license": "MIT"
    },
    "node_modules/vary": {
      "version": "1.1.2",
      "resolved": "https://registry.npmjs.org/vary/-/vary-1.1.2.tgz",
      "integrity": "sha512-BNGbWLfd0eUPabhkXUVm0j8uuvREyTh5ovRa/dyow/BqAbZJyC+5fU+IzQOzmAKzYqYRAISoRhdQr3eIZ/PXqg==",
      "license": "MIT",
      "engines": {
        "node": ">= 0.8"
      }
    },
    "node_modules/ws": {
      "version": "8.21.3",
      "resolved": "https://registry.npmjs.org/ws/-/ws-8.21.3.tgz",
      "integrity": "sha512-201TZ/kPWxoPr/OKWjquZR1SWKXcvxdH+e1xrx89b3YbmzLMFCLfnaG1HFIgWzJOEWZ7MvpK++odZufgYR50Rw==",
      "license": "MIT",
      "engines": {
        "node": ">=10.0.0"
      },
      "peerDependencies": {
        "bufferutil": "^4.0.1",
        "utf-8-validate": ">=5.0.2"
      },
      "peerDependenciesMeta": {
        "bufferutil": {
          "optional": true
        },
        "utf-8-validate": {
          "optional": true
        }
      }
    }
  }
}
